Microsoft Visual Studio Solution File, Format Version 12.00
# Visual Studio Version 17
VisualStudioVersion = 17.8.0.0
MinimumVisualStudioVersion = 17.8.0.0
Project("{9A19103F-16F7-4668-BE54-9A1E7A4F7556}") = "ChatWithSLM.AppHost", "ChatWithSLM.AppHost\ChatWithSLM.AppHost.csproj", "{3021B4DE-B8D5-4CBE-AB5B-BA456A2D4425}"
EndProject
Project("{9A19103F-16F7-4668-BE54-9A1E7A4F7556}") = "ChatWithSLM.ServiceDefaults", "ChatWithSLM.ServiceDefaults\ChatWithSLM.ServiceDefaults.csproj", "{1FE61B56-6399-455D-A565-93AA4490B6B4}"
EndProject
Project("{FAE04EC0-301F-11D3-BF4B-00C04F79EFBC}") = "ChatWithSLM.API", "ChatWithSLM.API\ChatWithSLM.API.csproj", "{953F3650-ED90-409D-84C3-DEC3303195C8}"
EndProject
Project("{FAE04EC0-301F-11D3-BF4B-00C04F79EFBC}") = "ChatWithSLM.UI", "ChatWithSLM.UI\ChatWithSLM.UI.csproj", "{1EBC8B17-92F3-4C5F-953E-9F5DD66792A4}"
EndProject
Global
	GlobalSection(SolutionConfigurationPlatforms) = preSolution
		Debug|Any CPU = Debug|Any CPU
		Release|Any CPU = Release|Any CPU
	EndGlobalSection
	GlobalSection(ProjectConfigurationPlatforms) = postSolution
		{3021B4DE-B8D5-4CBE-AB5B-BA456A2D4425}.Debug|Any CPU.ActiveCfg = Debug|Any CPU
		{3021B4DE-B8D5-4CBE-AB5B-BA456A2D4425}.Debug|Any CPU.Build.0 = Debug|Any CPU
		{3021B4DE-B8D5-4CBE-AB5B-BA456A2D4425}.Release|Any CPU.ActiveCfg = Release|Any CPU
		{3021B4DE-B8D5-4CBE-AB5B-BA456A2D4425}.Release|Any CPU.Build.0 = Release|Any CPU
		{1FE61B56-6399-455D-A565-93AA4490B6B4}.Debug|Any CPU.ActiveCfg = Debug|Any CPU
		{1FE61B56-6399-455D-A565-93AA4490B6B4}.Debug|Any CPU.Build.0 = Debug|Any CPU
		{1FE61B56-6399-455D-A565-93AA4490B6B4}.Release|Any CPU.ActiveCfg = Release|Any CPU
		{1FE61B56-6399-455D-A565-93AA4490B6B4}.Release|Any CPU.Build.0 = Release|Any CPU
		{953F3650-ED90-409D-84C3-DEC3303195C8}.Debug|Any CPU.ActiveCfg = Debug|Any CPU
		{953F3650-ED90-409D-84C3-DEC3303195C8}.Debug|Any CPU.Build.0 = Debug|Any CPU
		{953F3650-ED90-409D-84C3-DEC3303195C8}.Release|Any CPU.ActiveCfg = Release|Any CPU
		{953F3650-ED90-409D-84C3-DEC3303195C8}.Release|Any CPU.Build.0 = Release|Any CPU
		{1EBC8B17-92F3-4C5F-953E-9F5DD66792A4}.Debug|Any CPU.ActiveCfg = Debug|Any CPU
		{1EBC8B17-92F3-4C5F-953E-9F5DD66792A4}.Debug|Any CPU.Build.0 = Debug|Any CPU
		{1EBC8B17-92F3-4C5F-953E-9F5DD66792A4}.Release|Any CPU.ActiveCfg = Release|Any CPU
		{1EBC8B17-92F3-4C5F-953E-9F5DD66792A4}.Release|Any CPU.Build.0 = Release|Any CPU
	EndGlobalSection
	GlobalSection(SolutionProperties) = preSolution
		HideSolutionNode = FALSE
	EndGlobalSection
	GlobalSection(ExtensibilityGlobals) = postSolution
		SolutionGuid = {FB1D5708-00C3-4B12-9137-A5D82FC326B8}
	EndGlobalSection
EndGlobal
